Microsoft Visual Studio Solution File, Format Version 12.00
# Visual Studio Version 17
VisualStudioVersion = 17.5.33414.496
MinimumVisualStudioVersion = 10.0.40219.1
Project("{9A19103F-16F7-4668-BE54-9A1E7A4F7556}") = "ProductApi", "ProductApi\ProductApi.csproj", "{1AB07F84-B486-4705-9F0B-425D2EE530E8}"
EndProject
Project("{9A19103F-16F7-4668-BE54-9A1E7A4F7556}") = "OrderApi", "OrderApi\OrderApi.csproj", "{559DB926-84A6-4388-A849-138C85B00412}"
EndProject
Project("{9A19103F-16F7-4668-BE54-9A1E7A4F7556}") = "SharedModels", "SharedModels\SharedModels.csproj", "{55ACCE15-B901-470F-AA09-D613B758CB74}"
EndProject
Project("{2150E333-8FDC-42A3-9474-1A3956D46DE8}") = "Solution Items", "Solution Items", "{BCB5BD57-9C7F-496F-87AF-8E2EA9A2C460}"
	ProjectSection(SolutionItems) = preProject
		Kubernetes\orderapi.yml = Kubernetes\orderapi.yml
		Kubernetes\productapi.yml = Kubernetes\productapi.yml
	EndProjectSection
EndProject
Project("{FAE04EC0-301F-11D3-BF4B-00C04F79EFBC}") = "CustomerApi", "CustomerApi\CustomerApi.csproj", "{BA2D8F70-6B07-436F-B1A2-5B2D765BCCD3}"
EndProject
Project("{E53339B2-1760-4266-BCC7-CA923CBCF16C}") = "docker-compose", "docker-compose.dcproj", "{1D40B03B-4490-477F-B17C-5FCA2B08E58F}"
EndProject
Global
	GlobalSection(SolutionConfigurationPlatforms) = preSolution
		Debug|Any CPU = Debug|Any CPU
		Release|Any CPU = Release|Any CPU
	EndGlobalSection
	GlobalSection(ProjectConfigurationPlatforms) = postSolution
		{1AB07F84-B486-4705-9F0B-425D2EE530E8}.Debug|Any CPU.ActiveCfg = Debug|Any CPU
		{1AB07F84-B486-4705-9F0B-425D2EE530E8}.Debug|Any CPU.Build.0 = Debug|Any CPU
		{1AB07F84-B486-4705-9F0B-425D2EE530E8}.Release|Any CPU.ActiveCfg = Release|Any CPU
		{1AB07F84-B486-4705-9F0B-425D2EE530E8}.Release|Any CPU.Build.0 = Release|Any CPU
		{559DB926-84A6-4388-A849-138C85B00412}.Debug|Any CPU.ActiveCfg = Debug|Any CPU
		{559DB926-84A6-4388-A849-138C85B00412}.Debug|Any CPU.Build.0 = Debug|Any CPU
		{559DB926-84A6-4388-A849-138C85B00412}.Release|Any CPU.ActiveCfg = Release|Any CPU
		{559DB926-84A6-4388-A849-138C85B00412}.Release|Any CPU.Build.0 = Release|Any CPU
		{55ACCE15-B901-470F-AA09-D613B758CB74}.Debug|Any CPU.ActiveCfg = Debug|Any CPU
		{55ACCE15-B901-470F-AA09-D613B758CB74}.Debug|Any CPU.Build.0 = Debug|Any CPU
		{55ACCE15-B901-470F-AA09-D613B758CB74}.Release|Any CPU.ActiveCfg = Release|Any CPU
		{55ACCE15-B901-470F-AA09-D613B758CB74}.Release|Any CPU.Build.0 = Release|Any CPU
		{BA2D8F70-6B07-436F-B1A2-5B2D765BCCD3}.Debug|Any CPU.ActiveCfg = Debug|Any CPU
		{BA2D8F70-6B07-436F-B1A2-5B2D765BCCD3}.Debug|Any CPU.Build.0 = Debug|Any CPU
		{BA2D8F70-6B07-436F-B1A2-5B2D765BCCD3}.Release|Any CPU.ActiveCfg = Release|Any CPU
		{BA2D8F70-6B07-436F-B1A2-5B2D765BCCD3}.Release|Any CPU.Build.0 = Release|Any CPU
		{1D40B03B-4490-477F-B17C-5FCA2B08E58F}.Debug|Any CPU.ActiveCfg = Debug|Any CPU
		{1D40B03B-4490-477F-B17C-5FCA2B08E58F}.Debug|Any CPU.Build.0 = Debug|Any CPU
		{1D40B03B-4490-477F-B17C-5FCA2B08E58F}.Release|Any CPU.ActiveCfg = Release|Any CPU
		{1D40B03B-4490-477F-B17C-5FCA2B08E58F}.Release|Any CPU.Build.0 = Release|Any CPU
	EndGlobalSection
	GlobalSection(SolutionProperties) = preSolution
		HideSolutionNode = FALSE
	EndGlobalSection
	GlobalSection(ExtensibilityGlobals) = postSolution
		SolutionGuid = {BB06558B-9645-4854-BBE6-58E42B968754}
	EndGlobalSection
EndGlobal
